
Microsoft Visual Studio Solution File, Format Version 12.00
# Visual Studio Version 17
VisualStudioVersion = 17.1.32407.343
MinimumVisualStudioVersion = 10.0.40219.1
Project("{9A19103F-16F7-4668-BE54-9A1E7A4F7556}") = "TwoQ", "JOGO_ANAVIQ\TwoQ.csproj", "{3F617352-BE9E-4708-9B99-C5D90F12FFD3}"
EndProject
Project("{54435603-DBB4-11D2-8724-00A0C9A8B90C}") = "Quiz Queimaduras", "JOGO_ANAVIQ\Instalador\Instalador Quiz Queimaduras\Instalador Quiz Queimaduras.vdproj", "{73CE5BCD-112B-41FE-A9FA-24090271539B}"
EndProject
Global
	GlobalSection(SolutionConfigurationPlatforms) = preSolution
		Debug|Any CPU = Debug|Any CPU
		Release|Any CPU = Release|Any CPU
	EndGlobalSection
	GlobalSection(ProjectConfigurationPlatforms) = postSolution
		{3F617352-BE9E-4708-9B99-C5D90F12FFD3}.Debug|Any CPU.ActiveCfg = Debug|Any CPU
		{3F617352-BE9E-4708-9B99-C5D90F12FFD3}.Debug|Any CPU.Build.0 = Debug|Any CPU
		{3F617352-BE9E-4708-9B99-C5D90F12FFD3}.Release|Any CPU.ActiveCfg = Release|Any CPU
		{3F617352-BE9E-4708-9B99-C5D90F12FFD3}.Release|Any CPU.Build.0 = Release|Any CPU
		{73CE5BCD-112B-41FE-A9FA-24090271539B}.Debug|Any CPU.ActiveCfg = Debug
		{73CE5BCD-112B-41FE-A9FA-24090271539B}.Release|Any CPU.ActiveCfg = Release
	EndGlobalSection
	GlobalSection(SolutionProperties) = preSolution
		HideSolutionNode = FALSE
	EndGlobalSection
	GlobalSection(ExtensibilityGlobals) = postSolution
		SolutionGuid = {DA5790C3-CFFB-466F-B99C-625C52DC997B}
	EndGlobalSection
EndGlobal
